// !$*UTF8*$!
{
	archiveVersion = 1;
	classes = {
	};
	objectVersion = 50;
	objects = {

/* Begin PBXBuildFile section */
		2454A8E9A7CE509393852D7F /* Pods_Hibernate.framework in Frameworks */ = {isa = PBXBuildFile; fileRef = 48463A7FEC9D282FF7217A20 /* Pods_Hibernate.framework */; };
		26002B7A20A55444004D928F /* hibernation.png in Resources */ = {isa = PBXBuildFile; fileRef = 26002B7920A55444004D928F /* hibernation.png */; };
		26002B7E20A55BCE004D928F /* campfire.jpg in Resources */ = {isa = PBXBuildFile; fileRef = 26002B7B20A55BCE004D928F /* campfire.jpg */; };
		26002B7F20A55BCE004D928F /* Stream Gray.jpg in Resources */ = {isa = PBXBuildFile; fileRef = 26002B7C20A55BCE004D928F /* Stream Gray.jpg */; };
		26002B8020A55BCE004D928F /* light rain.jpg in Resources */ = {isa = PBXBuildFile; fileRef = 26002B7D20A55BCE004D928F /* light rain.jpg */; };
		26002B8220A564B0004D928F /* boat.jpg in Resources */ = {isa = PBXBuildFile; fileRef = 26002B8120A564AF004D928F /* boat.jpg */; };
		26002B8620A56AD1004D928F /* night.jpg in Resources */ = {isa = PBXBuildFile; fileRef = 26002B8520A56ACF004D928F /* night.jpg */; };
		26002B8820A56BB3004D928F /* moose.jpg in Resources */ = {isa = PBXBuildFile; fileRef = 26002B8720A56BB1004D928F /* moose.jpg */; };
		26242FA320A6094300E474AA /* StoreKit.framework in Frameworks */ = {isa = PBXBuildFile; fileRef = 26242FA220A6094300E474AA /* StoreKit.framework */; };
		26242FA720A60A2A00E474AA /* IAPHelper.swift in Sources */ = {isa = PBXBuildFile; fileRef = 26242FA620A60A2A00E474AA /* IAPHelper.swift */; };
		2632F3B720967B8700721D74 /* AppDelegate.swift in Sources */ = {isa = PBXBuildFile; fileRef = 2632F3B620967B8700721D74 /* AppDelegate.swift */; };
		2632F3B920967B8700721D74 /* StartViewController.swift in Sources */ = {isa = PBXBuildFile; fileRef = 2632F3B820967B8700721D74 /* StartViewController.swift */; };
		2632F3BC20967B8700721D74 /* Main.storyboard in Resources */ = {isa = PBXBuildFile; fileRef = 2632F3BA20967B8700721D74 /* Main.storyboard */; };
		2632F3BE20967B8900721D74 /* Assets.xcassets in Resources */ = {isa = PBXBuildFile; fileRef = 2632F3BD20967B8900721D74 /* Assets.xcassets */; };
		2632F3C120967B8900721D74 /* LaunchScreen.storyboard in Resources */ = {isa = PBXBuildFile; fileRef = 2632F3BF20967B8900721D74 /* LaunchScreen.storyboard */; };
		2649036220A6AC5100CE0541 /* iPad.storyboard in Resources */ = {isa = PBXBuildFile; fileRef = 2649036120A6AC5100CE0541 /* iPad.storyboard */; };
		2662AC6E20A27929002B70B3 /* SoundDurationTableViewController.swift in Sources */ = {isa = PBXBuildFile; fileRef = 2662AC6D20A27929002B70B3 /* SoundDurationTableViewController.swift */; };
		2662AC9120A3607D002B70B3 /* Little Idea.mp3 in Resources */ = {isa = PBXBuildFile; fileRef = 2662AC8820A3607D002B70B3 /* Little Idea.mp3 */; };
		2662AC9220A3607D002B70B3 /* Memories.mp3 in Resources */ = {isa = PBXBuildFile; fileRef = 2662AC8920A3607D002B70B3 /* Memories.mp3 */; };
		2662AC9320A3607D002B70B3 /* Clear Day.mp3 in Resources */ = {isa = PBXBuildFile; fileRef = 2662AC8A20A3607D002B70B3 /* Clear Day.mp3 */; };
		2662AC9420A3607D002B70B3 /* A Day To Remember.mp3 in Resources */ = {isa = PBXBuildFile; fileRef = 2662AC8B20A3607D002B70B3 /* A Day To Remember.mp3 */; };
		2662AC9520A3607D002B70B3 /* Summer.mp3 in Resources */ = {isa = PBXBuildFile; fileRef = 2662AC8C20A3607D002B70B3 /* Summer.mp3 */; };
		2662AC9620A3607D002B70B3 /* Happy Rock.mp3 in Resources */ = {isa = PBXBuildFile; fileRef = 2662AC8D20A3607D002B70B3 /* Happy Rock.mp3 */; };
		2662AC9720A3607D002B70B3 /* Cute.mp3 in Resources */ = {isa = PBXBuildFile; fileRef = 2662AC8E20A3607D002B70B3 /* Cute.mp3 */; };
		2662AC9820A3607D002B70B3 /* A New Beginning.mp3 in Resources */ = {isa = PBXBuildFile; fileRef = 2662AC8F20A3607D002B70B3 /* A New Beginning.mp3 */; };
		2662AC9920A3607D002B70B3 /* Buddy.mp3 in Resources */ = {isa = PBXBuildFile; fileRef = 2662AC9020A3607D002B70B3 /* Buddy.mp3 */; };
		2662AC9B20A37B8E002B70B3 /* SleepingSoundsTableViewController.swift in Sources */ = {isa = PBXBuildFile; fileRef = 2662AC9A20A37B8E002B70B3 /* SleepingSoundsTableViewController.swift */; };
		2686EB402097884800A29995 /* FadeAnimator.swift in Sources */ = {isa = PBXBuildFile; fileRef = 2686EB3F2097884800A29995 /* FadeAnimator.swift */; };
		2686EB4420978AB700A29995 /* SelectSleepViewController.swift in Sources */ = {isa = PBXBuildFile; fileRef = 2686EB4320978AB700A29995 /* SelectSleepViewController.swift */; };
		269B137320A4AE1A00DFAE41 /* stream.jpg in Resources */ = {isa = PBXBuildFile; fileRef = 269B137220A4AE1800DFAE41 /* stream.jpg */; };
		269B137720A4BAE000DFAE41 /* morning.jpg in Resources */ = {isa = PBXBuildFile; fileRef = 269B137620A4BADF00DFAE41 /* morning.jpg */; };
		269B137920A4BBFB00DFAE41 /* afternoon.jpg in Resources */ = {isa = PBXBuildFile; fileRef = 269B137820A4BBFB00DFAE41 /* afternoon.jpg */; };
		269B138020A4C23200DFAE41 /* Light Rain.mp3 in Resources */ = {isa = PBXBuildFile; fileRef = 269B137A20A4C22D00DFAE41 /* Light Rain.mp3 */; };
		269B138120A4C23200DFAE41 /* Storm.mp3 in Resources */ = {isa = PBXBuildFile; fileRef = 269B137B20A4C22E00DFAE41 /* Storm.mp3 */; };
		269B138220A4C23200DFAE41 /* Stream.mp3 in Resources */ = {isa = PBXBuildFile; fileRef = 269B137C20A4C22F00DFAE41 /* Stream.mp3 */; };
		269B138320A4C23200DFAE41 /* Waves.mp3 in Resources */ = {isa = PBXBuildFile; fileRef = 269B137D20A4C23000DFAE41 /* Waves.mp3 */; };
		269B138420A4C23200DFAE41 /* Campfire.mp3 in Resources */ = {isa = PBXBuildFile; fileRef = 269B137E20A4C23100DFAE41 /* Campfire.mp3 */; };
		269B138520A4C23200DFAE41 /* Forest Songbird.mp3 in Resources */ = {isa = PBXBuildFile; fileRef = 269B137F20A4C23200DFAE41 /* Forest Songbird.mp3 */; };
		269B138D20A4D9EB00DFAE41 /* Waves Gray.jpg in Resources */ = {isa = PBXBuildFile; fileRef = 269B138720A4D9EA00DFAE41 /* Waves Gray.jpg */; };
		269B138E20A4D9EB00DFAE41 /* Storm Gray.jpg in Resources */ = {isa = PBXBuildFile; fileRef = 269B138820A4D9EA00DFAE41 /* Storm Gray.jpg */; };
		269B138F20A4D9EB00DFAE41 /* Bird Gray.jpg in Resources */ = {isa = PBXBuildFile; fileRef = 269B138920A4D9EA00DFAE41 /* Bird Gray.jpg */; };
		269B139020A4D9EB00DFAE41 /* Campfire Gray.jpg in Resources */ = {isa = PBXBuildFile; fileRef = 269B138A20A4D9EA00DFAE41 /* Campfire Gray.jpg */; };
		269B139120A4D9EB00DFAE41 /* Light Rain Gray.jpg in Resources */ = {isa = PBXBuildFile; fileRef = 269B138B20A4D9EA00DFAE41 /* Light Rain Gray.jpg */; };
		269BC1A720A395E1002E9E2F /* storm.jpg in Resources */ = {isa = PBXBuildFile; fileRef = 269BC1A620A395E1002E9E2F /* storm.jpg */; };
		269BC1AD20A396E5002E9E2F /* waves.jpg in Resources */ = {isa = PBXBuildFile; fileRef = 269BC1AC20A396E5002E9E2F /* waves.jpg */; };
		269BC1AF20A397CA002E9E2F /* bird.jpg in Resources */ = {isa = PBXBuildFile; fileRef = 269BC1AE20A397C9002E9E2F /* bird.jpg */; };
		269BC1B120A3AAB3002E9E2F /* SleepSoundImage.swift in Sources */ = {isa = PBXBuildFile; fileRef = 269BC1B020A3AAB3002E9E2F /* SleepSoundImage.swift */; };
		269BC1B720A3CC79002E9E2F /* lake.jpg in Resources */ = {isa = PBXBuildFile; fileRef = 269BC1B620A3CC79002E9E2F /* lake.jpg */; };
		26DA2F56209902A400690722 /* SleepViewController.swift in Sources */ = {isa = PBXBuildFile; fileRef = 26DA2F55209902A400690722 /* SleepViewController.swift */; };
		26DC471D20A21C7C00713D59 /* AlarmSoundsTableViewController.swift in Sources */ = {isa = PBXBuildFile; fileRef = 26DC471C20A21C7C00713D59 /* AlarmSoundsTableViewController.swift */; };
		26DC473020A22CB900713D59 /* AudioManager.swift in Sources */ = {isa = PBXBuildFile; fileRef = 26DC472F20A22CB900713D59 /* AudioManager.swift */; };
		26DEDA7C20A8FC940027DEA3 /* Launch.png in Resources */ = {isa = PBXBuildFile; fileRef = 26DEDA7B20A8FC940027DEA3 /* Launch.png */; };
		26DEDA8020A939640027DEA3 /* tea.jpg in Resources */ = {isa = PBXBuildFile; fileRef = 26DEDA7F20A939600027DEA3 /* tea.jpg */; };
		26DEDA8220A93A9F0027DEA3 /* tea.jpg in Resources */ = {isa = PBXBuildFile; fileRef = 26DEDA8120A93A9F0027DEA3 /* tea.jpg */; };
		26E342BA20A10B3D00E391CD /* SettingsTableViewController.swift in Sources */ = {isa = PBXBuildFile; fileRef = 26E342B920A10B3D00E391CD /* SettingsTableViewController.swift */; };
/* End PBXBuildFile section */

/* Begin PBXFileReference section */
		1FC471AD7BA133D80B9AEC64 /* Pods-Hibernate.release.xcconfig */ = {isa = PBXFileReference; includeInIndex = 1; lastKnownFileType = text.xcconfig; name = "Pods-Hibernate.release.xcconfig"; path = "Pods/Target Support Files/Pods-Hibernate/Pods-Hibernate.release.xcconfig"; sourceTree = "<group>"; };
		26002B7920A55444004D928F /* hibernation.png */ = {isa = PBXFileReference; lastKnownFileType = image.png; path = hibernation.png; sourceTree = "<group>"; };
		26002B7B20A55BCE004D928F /* campfire.jpg */ = {isa = PBXFileReference; lastKnownFileType = image.jpeg; name = campfire.jpg; path = "../../../../Design/Images/Sleep Sounds/campfire.jpg"; sourceTree = "<group>"; };
		26002B7C20A55BCE004D928F /* Stream Gray.jpg */ = {isa = PBXFileReference; lastKnownFileType = image.jpeg; name = "Stream Gray.jpg"; path = "../../../../Design/Images/Sleep Sounds/Stream Gray.jpg"; sourceTree = "<group>"; };
		26002B7D20A55BCE004D928F /* light rain.jpg */ = {isa = PBXFileReference; lastKnownFileType = image.jpeg; name = "light rain.jpg"; path = "../../../../Design/Images/Sleep Sounds/light rain.jpg"; sourceTree = "<group>"; };
		26002B8120A564AF004D928F /* boat.jpg */ = {isa = PBXFileReference; lastKnownFileType = image.jpeg; path = boat.jpg; sourceTree = "<group>"; };
		26002B8520A56ACF004D928F /* night.jpg */ = {isa = PBXFileReference; lastKnownFileType = image.jpeg; path = night.jpg; sourceTree = "<group>"; };
		26002B8720A56BB1004D928F /* moose.jpg */ = {isa = PBXFileReference; lastKnownFileType = image.jpeg; path = moose.jpg; sourceTree = "<group>"; };
		26242FA220A6094300E474AA /* StoreKit.framework */ = {isa = PBXFileReference; lastKnownFileType = wrapper.framework; name = StoreKit.framework; path = System/Library/Frameworks/StoreKit.framework; sourceTree = SDKROOT; };
		26242FA620A60A2A00E474AA /* IAPHelper.swift */ = {isa = PBXFileReference; lastKnownFileType = sourcecode.swift; path = IAPHelper.swift; sourceTree = "<group>"; };
		2632F3B320967B8700721D74 /* Hibernate.app */ = {isa = PBXFileReference; explicitFileType = wrapper.application; includeInIndex = 0; path = Hibernate.app; sourceTree = BUILT_PRODUCTS_DIR; };
		2632F3B620967B8700721D74 /* AppDelegate.swift */ = {isa = PBXFileReference; lastKnownFileType = sourcecode.swift; path = AppDelegate.swift; sourceTree = "<group>"; };
		2632F3B820967B8700721D74 /* StartViewController.swift */ = {isa = PBXFileReference; lastKnownFileType = sourcecode.swift; path = StartViewController.swift; sourceTree = "<group>"; };
		2632F3BB20967B8700721D74 /* Base */ = {isa = PBXFileReference; lastKnownFileType = file.storyboard; name = Base; path = Base.lproj/Main.storyboard; sourceTree = "<group>"; };
		2632F3BD20967B8900721D74 /* Assets.xcassets */ = {isa = PBXFileReference; lastKnownFileType = folder.assetcatalog; path = Assets.xcassets; sourceTree = "<group>"; };
		2632F3C020967B8900721D74 /* Base */ = {isa = PBXFileReference; lastKnownFileType = file.storyboard; name = Base; path = Base.lproj/LaunchScreen.storyboard; sourceTree = "<group>"; };
		2632F3C220967B8900721D74 /* Info.plist */ = {isa = PBXFileReference; lastKnownFileType = text.plist.xml; path = Info.plist; sourceTree = "<group>"; };
		2649036120A6AC5100CE0541 /* iPad.storyboard */ = {isa = PBXFileReference; lastKnownFileType = file.storyboard; name = iPad.storyboard; path = Hibernate/iPad.storyboard; sourceTree = SOURCE_ROOT; };
		2662AC6D20A27929002B70B3 /* SoundDurationTableViewController.swift */ = {isa = PBXFileReference; lastKnownFileType = sourcecode.swift; path = SoundDurationTableViewController.swift; sourceTree = "<group>"; };
		2662AC8820A3607D002B70B3 /* Little Idea.mp3 */ = {isa = PBXFileReference; lastKnownFileType = audio.mp3; name = "Little Idea.mp3"; path = "../../../../Design/Audio/Cut Audio/Little Idea.mp3"; sourceTree = "<group>"; };
		2662AC8920A3607D002B70B3 /* Memories.mp3 */ = {isa = PBXFileReference; lastKnownFileType = audio.mp3; name = Memories.mp3; path = "../../../../Design/Audio/Cut Audio/Memories.mp3"; sourceTree = "<group>"; };
		2662AC8A20A3607D002B70B3 /* Clear Day.mp3 */ = {isa = PBXFileReference; lastKnownFileType = audio.mp3; name = "Clear Day.mp3"; path = "../../../../Design/Audio/Cut Audio/Clear Day.mp3"; sourceTree = "<group>"; };
		2662AC8B20A3607D002B70B3 /* A Day To Remember.mp3 */ = {isa = PBXFileReference; lastKnownFileType = audio.mp3; name = "A Day To Remember.mp3"; path = "../../../../Design/Audio/Cut Audio/A Day To Remember.mp3"; sourceTree = "<group>"; };
		2662AC8C20A3607D002B70B3 /* Summer.mp3 */ = {isa = PBXFileReference; lastKnownFileType = audio.mp3; name = Summer.mp3; path = "../../../../Design/Audio/Cut Audio/Summer.mp3"; sourceTree = "<group>"; };
		2662AC8D20A3607D002B70B3 /* Happy Rock.mp3 */ = {isa = PBXFileReference; lastKnownFileType = audio.mp3; name = "Happy Rock.mp3"; path = "../../../../Design/Audio/Cut Audio/Happy Rock.mp3"; sourceTree = "<group>"; };
		2662AC8E20A3607D002B70B3 /* Cute.mp3 */ = {isa = PBXFileReference; lastKnownFileType = audio.mp3; name = Cute.mp3; path = "../../../../Design/Audio/Cut Audio/Cute.mp3"; sourceTree = "<group>"; };
		2662AC8F20A3607D002B70B3 /* A New Beginning.mp3 */ = {isa = PBXFileReference; lastKnownFileType = audio.mp3; name = "A New Beginning.mp3"; path = "../../../../Design/Audio/Cut Audio/A New Beginning.mp3"; sourceTree = "<group>"; };
		2662AC9020A3607D002B70B3 /* Buddy.mp3 */ = {isa = PBXFileReference; lastKnownFileType = audio.mp3; name = Buddy.mp3; path = "../../../../Design/Audio/Cut Audio/Buddy.mp3"; sourceTree = "<group>"; };
		2662AC9A20A37B8E002B70B3 /* SleepingSoundsTableViewController.swift */ = {isa = PBXFileReference; lastKnownFileType = sourcecode.swift; path = SleepingSoundsTableViewController.swift; sourceTree = "<group>"; };
		2686EB3F2097884800A29995 /* FadeAnimator.swift */ = {isa = PBXFileReference; lastKnownFileType = sourcecode.swift; name = FadeAnimator.swift; path = Hibernate/FadeAnimator.swift; sourceTree = SOURCE_ROOT; };
		2686EB4320978AB700A29995 /* SelectSleepViewController.swift */ = {isa = PBXFileReference; lastKnownFileType = sourcecode.swift; path = SelectSleepViewController.swift; sourceTree = "<group>"; };
		269B137220A4AE1800DFAE41 /* stream.jpg */ = {isa = PBXFileReference; lastKnownFileType = image.jpeg; path = stream.jpg; sourceTree = "<group>"; };
		269B137620A4BADF00DFAE41 /* morning.jpg */ = {isa = PBXFileReference; lastKnownFileType = image.jpeg; name = morning.jpg; path = ../../../../Design/Images/morning.jpg; sourceTree = "<group>"; };
		269B137820A4BBFB00DFAE41 /* afternoon.jpg */ = {isa = PBXFileReference; lastKnownFileType = image.jpeg; path = afternoon.jpg; sourceTree = "<group>"; };
		269B137A20A4C22D00DFAE41 /* Light Rain.mp3 */ = {isa = PBXFileReference; lastKnownFileType = audio.mp3; path = "Light Rain.mp3"; sourceTree = "<group>"; };
		269B137B20A4C22E00DFAE41 /* Storm.mp3 */ = {isa = PBXFileReference; lastKnownFileType = audio.mp3; path = Storm.mp3; sourceTree = "<group>"; };
		269B137C20A4C22F00DFAE41 /* Stream.mp3 */ = {isa = PBXFileReference; lastKnownFileType = audio.mp3; path = Stream.mp3; sourceTree = "<group>"; };
		269B137D20A4C23000DFAE41 /* Waves.mp3 */ = {isa = PBXFileReference; lastKnownFileType = audio.mp3; path = Waves.mp3; sourceTree = "<group>"; };
		269B137E20A4C23100DFAE41 /* Campfire.mp3 */ = {isa = PBXFileReference; lastKnownFileType = audio.mp3; path = Campfire.mp3; sourceTree = "<group>"; };
		269B137F20A4C23200DFAE41 /* Forest Songbird.mp3 */ = {isa = PBXFileReference; lastKnownFileType = audio.mp3; path = "Forest Songbird.mp3"; sourceTree = "<group>"; };
		269B138720A4D9EA00DFAE41 /* Waves Gray.jpg */ = {isa = PBXFileReference; lastKnownFileType = image.jpeg; path = "Waves Gray.jpg"; sourceTree = "<group>"; };
		269B138820A4D9EA00DFAE41 /* Storm Gray.jpg */ = {isa = PBXFileReference; lastKnownFileType = image.jpeg; path = "Storm Gray.jpg"; sourceTree = "<group>"; };
		269B138920A4D9EA00DFAE41 /* Bird Gray.jpg */ = {isa = PBXFileReference; lastKnownFileType = image.jpeg; path = "Bird Gray.jpg"; sourceTree = "<group>"; };
		269B138A20A4D9EA00DFAE41 /* Campfire Gray.jpg */ = {isa = PBXFileReference; lastKnownFileType = image.jpeg; path = "Campfire Gray.jpg"; sourceTree = "<group>"; };
		269B138B20A4D9EA00DFAE41 /* Light Rain Gray.jpg */ = {isa = PBXFileReference; lastKnownFileType = image.jpeg; path = "Light Rain Gray.jpg"; sourceTree = "<group>"; };
		269BC1A620A395E1002E9E2F /* storm.jpg */ = {isa = PBXFileReference; lastKnownFileType = image.jpeg; path = storm.jpg; sourceTree = "<group>"; };
		269BC1AC20A396E5002E9E2F /* waves.jpg */ = {isa = PBXFileReference; lastKnownFileType = image.jpeg; path = waves.jpg; sourceTree = "<group>"; };
		269BC1AE20A397C9002E9E2F /* bird.jpg */ = {isa = PBXFileReference; lastKnownFileType = image.jpeg; path = bird.jpg; sourceTree = "<group>"; };
		269BC1B020A3AAB3002E9E2F /* SleepSoundImage.swift */ = {isa = PBXFileReference; lastKnownFileType = sourcecode.swift; path = SleepSoundImage.swift; sourceTree = "<group>"; };
		269BC1B620A3CC79002E9E2F /* lake.jpg */ = {isa = PBXFileReference; lastKnownFileType = image.jpeg; path = lake.jpg; sourceTree = "<group>"; };
		26DA2F55209902A400690722 /* SleepViewController.swift */ = {isa = PBXFileReference; lastKnownFileType = sourcecode.swift; path = SleepViewController.swift; sourceTree = "<group>"; };
		26DC471C20A21C7C00713D59 /* AlarmSoundsTableViewController.swift */ = {isa = PBXFileReference; lastKnownFileType = sourcecode.swift; path = AlarmSoundsTableViewController.swift; sourceTree = "<group>"; };
		26DC472F20A22CB900713D59 /* AudioManager.swift */ = {isa = PBXFileReference; lastKnownFileType = sourcecode.swift; path = AudioManager.swift; sourceTree = "<group>"; };
		26DEDA7B20A8FC940027DEA3 /* Launch.png */ = {isa = PBXFileReference; lastKnownFileType = image.png; name = Launch.png; path = ../../../../Design/Images/Launch.png; sourceTree = "<group>"; };
		26DEDA7F20A939600027DEA3 /* tea.jpg */ = {isa = PBXFileReference; lastKnownFileType = image.jpeg; name = tea.jpg; path = ../../../../Design/Images/tea.jpg; sourceTree = "<group>"; };
		26DEDA8120A93A9F0027DEA3 /* tea.jpg */ = {isa = PBXFileReference; lastKnownFileType = image.jpeg; name = tea.jpg; path = ../../../../Design/Images/tea.jpg; sourceTree = "<group>"; };
		26E342B920A10B3D00E391CD /* SettingsTableViewController.swift */ = {isa = PBXFileReference; lastKnownFileType = sourcecode.swift; path = SettingsTableViewController.swift; sourceTree = "<group>"; };
		37EAD6F83E620BB7199CEFCF /* Pods-Hibernate.debug.xcconfig */ = {isa = PBXFileReference; includeInIndex = 1; lastKnownFileType = text.xcconfig; name = "Pods-Hibernate.debug.xcconfig"; path = "Pods/Target Support Files/Pods-Hibernate/Pods-Hibernate.debug.xcconfig"; sourceTree = "<group>"; };
		48463A7FEC9D282FF7217A20 /* Pods_Hibernate.framework */ = {isa = PBXFileReference; explicitFileType = wrapper.framework; includeInIndex = 0; path = Pods_Hibernate.framework; sourceTree = BUILT_PRODUCTS_DIR; };
/* End PBXFileReference section */

/* Begin PBXFrameworksBuildPhase section */
		2632F3B020967B8700721D74 /* Frameworks */ = {
			isa = PBXFrameworksBuildPhase;
			buildActionMask = 2147483647;
			files = (
				2454A8E9A7CE509393852D7F /* Pods_Hibernate.framework in Frameworks */,
				26242FA320A6094300E474AA /* StoreKit.framework in Frameworks */,
			);
			runOnlyForDeploymentPostprocessing = 0;
		};
/* End PBXFrameworksBuildPhase section */

/* Begin PBXGroup section */
		06C6BAB9CAB706FCAF8D0353 /* Pods */ = {
			isa = PBXGroup;
			children = (
				37EAD6F83E620BB7199CEFCF /* Pods-Hibernate.debug.xcconfig */,
				1FC471AD7BA133D80B9AEC64 /* Pods-Hibernate.release.xcconfig */,
			);
			name = Pods;
			sourceTree = "<group>";
		};
		2632F3AA20967B8700721D74 = {
			isa = PBXGroup;
			children = (
				2632F3B520967B8700721D74 /* Hibernate */,
				2632F3B420967B8700721D74 /* Products */,
				06C6BAB9CAB706FCAF8D0353 /* Pods */,
				D91925E542CB216FCCC4F5F7 /* Frameworks */,
			);
			sourceTree = "<group>";
		};
		2632F3B420967B8700721D74 /* Products */ = {
			isa = PBXGroup;
			children = (
				2632F3B320967B8700721D74 /* Hibernate.app */,
			);
			name = Products;
			sourceTree = "<group>";
		};
		2632F3B520967B8700721D74 /* Hibernate */ = {
			isa = PBXGroup;
			children = (
				2632F3C820967D1B00721D74 /* Supporting Files */,
				2632F3B820967B8700721D74 /* StartViewController.swift */,
				2686EB4320978AB700A29995 /* SelectSleepViewController.swift */,
				26DA2F55209902A400690722 /* SleepViewController.swift */,
				2686EB3F2097884800A29995 /* FadeAnimator.swift */,
				26E342B920A10B3D00E391CD /* SettingsTableViewController.swift */,
				26DC471C20A21C7C00713D59 /* AlarmSoundsTableViewController.swift */,
				2662AC9A20A37B8E002B70B3 /* SleepingSoundsTableViewController.swift */,
				2662AC6D20A27929002B70B3 /* SoundDurationTableViewController.swift */,
				26DC472F20A22CB900713D59 /* AudioManager.swift */,
				269BC1B020A3AAB3002E9E2F /* SleepSoundImage.swift */,
				26242FA620A60A2A00E474AA /* IAPHelper.swift */,
				2649036120A6AC5100CE0541 /* iPad.storyboard */,
				2632F3BA20967B8700721D74 /* Main.storyboard */,
				2632F3C220967B8900721D74 /* Info.plist */,
			);
			path = Hibernate;
			sourceTree = "<group>";
		};
		2632F3C820967D1B00721D74 /* Supporting Files */ = {
			isa = PBXGroup;
			children = (
				2662AC6F20A35B1A002B70B3 /* Audio */,
				26DC473320A2322A00713D59 /* Images */,
				2632F3BD20967B8900721D74 /* Assets.xcassets */,
				2632F3BF20967B8900721D74 /* LaunchScreen.storyboard */,
				2632F3B620967B8700721D74 /* AppDelegate.swift */,
			);
			path = "Supporting Files";
			sourceTree = "<group>";
		};
		2662AC6F20A35B1A002B70B3 /* Audio */ = {
			isa = PBXGroup;
			children = (
				269B137E20A4C23100DFAE41 /* Campfire.mp3 */,
				269B137F20A4C23200DFAE41 /* Forest Songbird.mp3 */,
				269B137A20A4C22D00DFAE41 /* Light Rain.mp3 */,
				269B137B20A4C22E00DFAE41 /* Storm.mp3 */,
				269B137C20A4C22F00DFAE41 /* Stream.mp3 */,
				269B137D20A4C23000DFAE41 /* Waves.mp3 */,
				2662AC8B20A3607D002B70B3 /* A Day To Remember.mp3 */,
				2662AC8F20A3607D002B70B3 /* A New Beginning.mp3 */,
				2662AC9020A3607D002B70B3 /* Buddy.mp3 */,
				2662AC8A20A3607D002B70B3 /* Clear Day.mp3 */,
				2662AC8E20A3607D002B70B3 /* Cute.mp3 */,
				2662AC8D20A3607D002B70B3 /* Happy Rock.mp3 */,
				2662AC8820A3607D002B70B3 /* Little Idea.mp3 */,
				2662AC8920A3607D002B70B3 /* Memories.mp3 */,
				2662AC8C20A3607D002B70B3 /* Summer.mp3 */,
			);
			path = Audio;
			sourceTree = "<group>";
		};
		26DC473320A2322A00713D59 /* Images */ = {
			isa = PBXGroup;
			children = (
				26DEDA7F20A939600027DEA3 /* tea.jpg */,
				26DEDA8120A93A9F0027DEA3 /* tea.jpg */,
				26DEDA7B20A8FC940027DEA3 /* Launch.png */,
				26002B8720A56BB1004D928F /* moose.jpg */,
				26002B8520A56ACF004D928F /* night.jpg */,
				26002B8120A564AF004D928F /* boat.jpg */,
				26002B7920A55444004D928F /* hibernation.png */,
				26002B7B20A55BCE004D928F /* campfire.jpg */,
				26002B7D20A55BCE004D928F /* light rain.jpg */,
				26002B7C20A55BCE004D928F /* Stream Gray.jpg */,
				269B138920A4D9EA00DFAE41 /* Bird Gray.jpg */,
				269B138A20A4D9EA00DFAE41 /* Campfire Gray.jpg */,
				269B138B20A4D9EA00DFAE41 /* Light Rain Gray.jpg */,
				269B138820A4D9EA00DFAE41 /* Storm Gray.jpg */,
				269B138720A4D9EA00DFAE41 /* Waves Gray.jpg */,
				269B137820A4BBFB00DFAE41 /* afternoon.jpg */,
				269B137620A4BADF00DFAE41 /* morning.jpg */,
				269B137220A4AE1800DFAE41 /* stream.jpg */,
				269BC1B620A3CC79002E9E2F /* lake.jpg */,
				269BC1A620A395E1002E9E2F /* storm.jpg */,
				269BC1AC20A396E5002E9E2F /* waves.jpg */,
				269BC1AE20A397C9002E9E2F /* bird.jpg */,
			);
			path = Images;
			sourceTree = "<group>";
		};
		D91925E542CB216FCCC4F5F7 /* Frameworks */ = {
			isa = PBXGroup;
			children = (
				26242FA220A6094300E474AA /* StoreKit.framework */,
				48463A7FEC9D282FF7217A20 /* Pods_Hibernate.framework */,
			);
			name = Frameworks;
			sourceTree = "<group>";
		};
/* End PBXGroup section */

/* Begin PBXNativeTarget section */
		2632F3B220967B8700721D74 /* Hibernate */ = {
			isa = PBXNativeTarget;
			buildConfigurationList = 2632F3C520967B8900721D74 /* Build configuration list for PBXNativeTarget "Hibernate" */;
			buildPhases = (
				F072CA41C9EDE353AF607DC4 /* [CP] Check Pods Manifest.lock */,
				2632F3AF20967B8700721D74 /* Sources */,
				2632F3B020967B8700721D74 /* Frameworks */,
				2632F3B120967B8700721D74 /* Resources */,
				7E8654FAF3F4A2634490A5F6 /* [CP] Embed Pods Frameworks */,
			);
			buildRules = (
			);
			dependencies = (
			);
			name = Hibernate;
			productName = Hibernate;
			productReference = 2632F3B320967B8700721D74 /* Hibernate.app */;
			productType = "com.apple.product-type.application";
		};
/* End PBXNativeTarget section */

/* Begin PBXProject section */
		2632F3AB20967B8700721D74 /* Project object */ = {
			isa = PBXProject;
			attributes = {
				LastSwiftUpdateCheck = 0930;
				LastUpgradeCheck = 0930;
				ORGANIZATIONNAME = "Eugene Lu";
				TargetAttributes = {
					2632F3B220967B8700721D74 = {
						CreatedOnToolsVersion = 9.3;
						SystemCapabilities = {
							com.apple.BackgroundModes = {
								enabled = 1;
							};
							com.apple.InAppPurchase = {
								enabled = 1;
							};
						};
					};
				};
			};
			buildConfigurationList = 2632F3AE20967B8700721D74 /* Build configuration list for PBXProject "Hibernate" */;
			compatibilityVersion = "Xcode 9.3";
			developmentRegion = en;
			hasScannedForEncodings = 0;
			knownRegions = (
				en,
				Base,
			);
			mainGroup = 2632F3AA20967B8700721D74;
			productRefGroup = 2632F3B420967B8700721D74 /* Products */;
			projectDirPath = "";
			projectRoot = "";
			targets = (
				2632F3B220967B8700721D74 /* Hibernate */,
			);
		};
/* End PBXProject section */

/* Begin PBXResourcesBuildPhase section */
		2632F3B120967B8700721D74 /* Resources */ = {
			isa = PBXResourcesBuildPhase;
			buildActionMask = 2147483647;
			files = (
				2632F3C120967B8900721D74 /* LaunchScreen.storyboard in Resources */,
				2662AC9920A3607D002B70B3 /* Buddy.mp3 in Resources */,
				2662AC9720A3607D002B70B3 /* Cute.mp3 in Resources */,
				2662AC9320A3607D002B70B3 /* Clear Day.mp3 in Resources */,
				269B138F20A4D9EB00DFAE41 /* Bird Gray.jpg in Resources */,
				269B137920A4BBFB00DFAE41 /* afternoon.jpg in Resources */,
				26002B8220A564B0004D928F /* boat.jpg in Resources */,
				26002B8020A55BCE004D928F /* light rain.jpg in Resources */,
				269B138320A4C23200DFAE41 /* Waves.mp3 in Resources */,
				26002B7E20A55BCE004D928F /* campfire.jpg in Resources */,
				26DEDA8020A939640027DEA3 /* tea.jpg in Resources */,
				26DEDA8220A93A9F0027DEA3 /* tea.jpg in Resources */,
				26002B8820A56BB3004D928F /* moose.jpg in Resources */,
				269B138420A4C23200DFAE41 /* Campfire.mp3 in Resources */,
				2632F3BE20967B8900721D74 /* Assets.xcassets in Resources */,
				269B139020A4D9EB00DFAE41 /* Campfire Gray.jpg in Resources */,
				2662AC9120A3607D002B70B3 /* Little Idea.mp3 in Resources */,
				269BC1A720A395E1002E9E2F /* storm.jpg in Resources */,
				269B137320A4AE1A00DFAE41 /* stream.jpg in Resources */,
				269B138E20A4D9EB00DFAE41 /* Storm Gray.jpg in Resources */,
				26002B8620A56AD1004D928F /* night.jpg in Resources */,
				269B138520A4C23200DFAE41 /* Forest Songbird.mp3 in Resources */,
				269B138220A4C23200DFAE41 /* Stream.mp3 in Resources */,
				269B138D20A4D9EB00DFAE41 /* Waves Gray.jpg in Resources */,
				26002B7F20A55BCE004D928F /* Stream Gray.jpg in Resources */,
				269BC1B720A3CC79002E9E2F /* lake.jpg in Resources */,
				269B138120A4C23200DFAE41 /* Storm.mp3 in Resources */,
				2649036220A6AC5100CE0541 /* iPad.storyboard in Resources */,
				269BC1AD20A396E5002E9E2F /* waves.jpg in Resources */,
				2662AC9420A3607D002B70B3 /* A Day To Remember.mp3 in Resources */,
				26002B7A20A55444004D928F /* hibernation.png in Resources */,
				26DEDA7C20A8FC940027DEA3 /* Launch.png in Resources */,
				2662AC9220A3607D002B70B3 /* Memories.mp3 in Resources */,
				2632F3BC20967B8700721D74 /* Main.storyboard in Resources */,
				269BC1AF20A397CA002E9E2F /* bird.jpg in Resources */,
				269B138020A4C23200DFAE41 /* Light Rain.mp3 in Resources */,
				2662AC9620A3607D002B70B3 /* Happy Rock.mp3 in Resources */,
				269B137720A4BAE000DFAE41 /* morning.jpg in Resources */,
				2662AC9520A3607D002B70B3 /* Summer.mp3 in Resources */,
				269B139120A4D9EB00DFAE41 /* Light Rain Gray.jpg in Resources */,
				2662AC9820A3607D002B70B3 /* A New Beginning.mp3 in Resources */,
			);
			runOnlyForDeploymentPostprocessing = 0;
		};
/* End PBXResourcesBuildPhase section */

/* Begin PBXShellScriptBuildPhase section */
		7E8654FAF3F4A2634490A5F6 /* [CP] Embed Pods Frameworks */ = {
			isa = PBXShellScriptBuildPhase;
			buildActionMask = 2147483647;
			files = (
			);
			inputPaths = (
				"${SRCROOT}/Pods/Target Support Files/Pods-Hibernate/Pods-Hibernate-frameworks.sh",
				"${BUILT_PRODUCTS_DIR}/PMAlertController/PMAlertController.framework",
			);
			name = "[CP] Embed Pods Frameworks";
			outputPaths = (
				"${TARGET_BUILD_DIR}/${FRAMEWORKS_FOLDER_PATH}/PMAlertController.framework",
			);
			runOnlyForDeploymentPostprocessing = 0;
			shellPath = /bin/sh;
			shellScript = "\"${SRCROOT}/Pods/Target Support Files/Pods-Hibernate/Pods-Hibernate-frameworks.sh\"\n";
			showEnvVarsInLog = 0;
		};
		F072CA41C9EDE353AF607DC4 /* [CP] Check Pods Manifest.lock */ = {
			isa = PBXShellScriptBuildPhase;
			buildActionMask = 2147483647;
			files = (
			);
			inputPaths = (
				"${PODS_PODFILE_DIR_PATH}/Podfile.lock",
				"${PODS_ROOT}/Manifest.lock",
			);
			name = "[CP] Check Pods Manifest.lock";
			outputPaths = (
				"$(DERIVED_FILE_DIR)/Pods-Hibernate-checkManifestLockResult.txt",
			);
			runOnlyForDeploymentPostprocessing = 0;
			shellPath = /bin/sh;
			shellScript = "diff \"${PODS_PODFILE_DIR_PATH}/Podfile.lock\" \"${PODS_ROOT}/Manifest.lock\" > /dev/null\nif [ $? != 0 ] ; then\n    # print error to STDERR\n    echo \"error: The sandbox is not in sync with the Podfile.lock. Run 'pod install' or update your CocoaPods installation.\" >&2\n    exit 1\nfi\n# This output is used by Xcode 'outputs' to avoid re-running this script phase.\necho \"SUCCESS\" > \"${SCRIPT_OUTPUT_FILE_0}\"\n";
			showEnvVarsInLog = 0;
		};
/* End PBXShellScriptBuildPhase section */

/* Begin PBXSourcesBuildPhase section */
		2632F3AF20967B8700721D74 /* Sources */ = {
			isa = PBXSourcesBuildPhase;
			buildActionMask = 2147483647;
			files = (
				2632F3B920967B8700721D74 /* StartViewController.swift in Sources */,
				26242FA720A60A2A00E474AA /* IAPHelper.swift in Sources */,
				2632F3B720967B8700721D74 /* AppDelegate.swift in Sources */,
				26DC473020A22CB900713D59 /* AudioManager.swift in Sources */,
				269BC1B120A3AAB3002E9E2F /* SleepSoundImage.swift in Sources */,
				26E342BA20A10B3D00E391CD /* SettingsTableViewController.swift in Sources */,
				2662AC6E20A27929002B70B3 /* SoundDurationTableViewController.swift in Sources */,
				26DA2F56209902A400690722 /* SleepViewController.swift in Sources */,
				2662AC9B20A37B8E002B70B3 /* SleepingSoundsTableViewController.swift in Sources */,
				26DC471D20A21C7C00713D59 /* AlarmSoundsTableViewController.swift in Sources */,
				2686EB4420978AB700A29995 /* SelectSleepViewController.swift in Sources */,
				2686EB402097884800A29995 /* FadeAnimator.swift in Sources */,
			);
			runOnlyForDeploymentPostprocessing = 0;
		};
/* End PBXSourcesBuildPhase section */

/* Begin PBXVariantGroup section */
		2632F3BA20967B8700721D74 /* Main.storyboard */ = {
			isa = PBXVariantGroup;
			children = (
				2632F3BB20967B8700721D74 /* Base */,
			);
			name = Main.storyboard;
			sourceTree = "<group>";
		};
		2632F3BF20967B8900721D74 /* LaunchScreen.storyboard */ = {
			isa = PBXVariantGroup;
			children = (
				2632F3C020967B8900721D74 /* Base */,
			);
			name = LaunchScreen.storyboard;
			sourceTree = "<group>";
		};
/* End PBXVariantGroup section */

/* Begin XCBuildConfiguration section */
		2632F3C320967B8900721D74 /* Debug */ = {
			isa = XCBuildConfiguration;
			buildSettings = {
				ALWAYS_SEARCH_USER_PATHS = NO;
				CLANG_ANALYZER_NONNULL = YES;
				CLANG_ANALYZER_NUMBER_OBJECT_CONVERSION = YES_AGGRESSIVE;
				CLANG_CXX_LANGUAGE_STANDARD = "gnu++14";
				CLANG_CXX_LIBRARY = "libc++";
				CLANG_ENABLE_MODULES = YES;
				CLANG_ENABLE_OBJC_ARC = YES;
				CLANG_ENABLE_OBJC_WEAK = YES;
				CLANG_WARN_BLOCK_CAPTURE_AUTORELEASING = YES;
				CLANG_WARN_BOOL_CONVERSION = YES;
				CLANG_WARN_COMMA = YES;
				CLANG_WARN_CONSTANT_CONVERSION = YES;
				CLANG_WARN_DEPRECATED_OBJC_IMPLEMENTATIONS = YES;
				CLANG_WARN_DIRECT_OBJC_ISA_USAGE = YES_ERROR;
				CLANG_WARN_DOCUMENTATION_COMMENTS = YES;
				CLANG_WARN_EMPTY_BODY = YES;
				CLANG_WARN_ENUM_CONVERSION = YES;
				CLANG_WARN_INFINITE_RECURSION = YES;
				CLANG_WARN_INT_CONVERSION = YES;
				CLANG_WARN_NON_LITERAL_NULL_CONVERSION = YES;
				CLANG_WARN_OBJC_IMPLICIT_RETAIN_SELF = YES;
				CLANG_WARN_OBJC_LITERAL_CONVERSION = YES;
				CLANG_WARN_OBJC_ROOT_CLASS = YES_ERROR;
				CLANG_WARN_RANGE_LOOP_ANALYSIS = YES;
				CLANG_WARN_STRICT_PROTOTYPES = YES;
				CLANG_WARN_SUSPICIOUS_MOVE = YES;
				CLANG_WARN_UNGUARDED_AVAILABILITY = YES_AGGRESSIVE;
				CLANG_WARN_UNREACHABLE_CODE = YES;
				CLANG_WARN__DUPLICATE_METHOD_MATCH = YES;
				CODE_SIGN_IDENTITY = "iPhone Developer";
				COPY_PHASE_STRIP = NO;
				DEBUG_INFORMATION_FORMAT = dwarf;
				ENABLE_STRICT_OBJC_MSGSEND = YES;
				ENABLE_TESTABILITY = YES;
				GCC_C_LANGUAGE_STANDARD = gnu11;
				GCC_DYNAMIC_NO_PIC = NO;
				GCC_NO_COMMON_BLOCKS = YES;
				GCC_OPTIMIZATION_LEVEL = 0;
				GCC_PREPROCESSOR_DEFINITIONS = (
					"DEBUG=1",
					"$(inherited)",
				);
				GCC_WARN_64_TO_32_BIT_CONVERSION = YES;
				GCC_WARN_ABOUT_RETURN_TYPE = YES_ERROR;
				GCC_WARN_UNDECLARED_SELECTOR = YES;
				GCC_WARN_UNINITIALIZED_AUTOS = YES_AGGRESSIVE;
				GCC_WARN_UNUSED_FUNCTION = YES;
				GCC_WARN_UNUSED_VARIABLE = YES;
				IPHONEOS_DEPLOYMENT_TARGET = 11.3;
				MTL_ENABLE_DEBUG_INFO = YES;
				ONLY_ACTIVE_ARCH = YES;
				SDKROOT = iphoneos;
				SWIFT_ACTIVE_COMPILATION_CONDITIONS = DEBUG;
				SWIFT_OPTIMIZATION_LEVEL = "-Onone";
			};
			name = Debug;
		};
		2632F3C420967B8900721D74 /* Release */ = {
			isa = XCBuildConfiguration;
			buildSettings = {
				ALWAYS_SEARCH_USER_PATHS = NO;
				CLANG_ANALYZER_NONNULL = YES;
				CLANG_ANALYZER_NUMBER_OBJECT_CONVERSION = YES_AGGRESSIVE;
				CLANG_CXX_LANGUAGE_STANDARD = "gnu++14";
				CLANG_CXX_LIBRARY = "libc++";
				CLANG_ENABLE_MODULES = YES;
				CLANG_ENABLE_OBJC_ARC = YES;
				CLANG_ENABLE_OBJC_WEAK = YES;
				CLANG_WARN_BLOCK_CAPTURE_AUTORELEASING = YES;
				CLANG_WARN_BOOL_CONVERSION = YES;
				CLANG_WARN_COMMA = YES;
				CLANG_WARN_CONSTANT_CONVERSION = YES;
				CLANG_WARN_DEPRECATED_OBJC_IMPLEMENTATIONS = YES;
				CLANG_WARN_DIRECT_OBJC_ISA_USAGE = YES_ERROR;
				CLANG_WARN_DOCUMENTATION_COMMENTS = YES;
				CLANG_WARN_EMPTY_BODY = YES;
				CLANG_WARN_ENUM_CONVERSION = YES;
				CLANG_WARN_INFINITE_RECURSION = YES;
				CLANG_WARN_INT_CONVERSION = YES;
				CLANG_WARN_NON_LITERAL_NULL_CONVERSION = YES;
				CLANG_WARN_OBJC_IMPLICIT_RETAIN_SELF = YES;
				CLANG_WARN_OBJC_LITERAL_CONVERSION = YES;
				CLANG_WARN_OBJC_ROOT_CLASS = YES_ERROR;
				CLANG_WARN_RANGE_LOOP_ANALYSIS = YES;
				CLANG_WARN_STRICT_PROTOTYPES = YES;
				CLANG_WARN_SUSPICIOUS_MOVE = YES;
				CLANG_WARN_UNGUARDED_AVAILABILITY = YES_AGGRESSIVE;
				CLANG_WARN_UNREACHABLE_CODE = YES;
				CLANG_WARN__DUPLICATE_METHOD_MATCH = YES;
				CODE_SIGN_IDENTITY = "iPhone Developer";
				COPY_PHASE_STRIP = NO;
				DEBUG_INFORMATION_FORMAT = "dwarf-with-dsym";
				ENABLE_NS_ASSERTIONS = NO;
				ENABLE_STRICT_OBJC_MSGSEND = YES;
				GCC_C_LANGUAGE_STANDARD = gnu11;
				GCC_NO_COMMON_BLOCKS = YES;
				GCC_WARN_64_TO_32_BIT_CONVERSION = YES;
				GCC_WARN_ABOUT_RETURN_TYPE = YES_ERROR;
				GCC_WARN_UNDECLARED_SELECTOR = YES;
				GCC_WARN_UNINITIALIZED_AUTOS = YES_AGGRESSIVE;
				GCC_WARN_UNUSED_FUNCTION = YES;
				GCC_WARN_UNUSED_VARIABLE = YES;
				IPHONEOS_DEPLOYMENT_TARGET = 11.3;
				MTL_ENABLE_DEBUG_INFO = NO;
				SDKROOT = iphoneos;
				SWIFT_COMPILATION_MODE = wholemodule;
				SWIFT_OPTIMIZATION_LEVEL = "-O";
				VALIDATE_PRODUCT = YES;
			};
			name = Release;
		};
		2632F3C620967B8900721D74 /* Debug */ = {
			isa = XCBuildConfiguration;
			baseConfigurationReference = 37EAD6F83E620BB7199CEFCF /* Pods-Hibernate.debug.xcconfig */;
			buildSettings = {
				ASSETCATALOG_COMPILER_APPICON_NAME = AppIcon;
				ASSETCATALOG_COMPILER_LAUNCHIMAGE_NAME = LaunchImage;
				CODE_SIGN_IDENTITY = "iPhone Developer";
				CODE_SIGN_STYLE = Manual;
				DEVELOPMENT_TEAM = UJ6RY8Y8CY;
				INFOPLIST_FILE = Hibernate/Info.plist;
				IPHONEOS_DEPLOYMENT_TARGET = 10.0;
				LD_RUNPATH_SEARCH_PATHS = (
					"$(inherited)",
					"@executable_path/Frameworks",
				);
				PRODUCT_BUNDLE_IDENTIFIER = com.eugenelu.hibernate.Hibernate;
				PRODUCT_NAME = "$(TARGET_NAME)";
				PROVISIONING_PROFILE = "c0844e45-5b43-4573-8c06-18eb9f8f2666";
				PROVISIONING_PROFILE_SPECIFIER = "Hibernate Development";
				SWIFT_VERSION = 4.0;
				TARGETED_DEVICE_FAMILY = "1,2";
			};
			name = Debug;
		};
		2632F3C720967B8900721D74 /* Release */ = {
			isa = XCBuildConfiguration;
			baseConfigurationReference = 1FC471AD7BA133D80B9AEC64 /* Pods-Hibernate.release.xcconfig */;
			buildSettings = {
				ASSETCATALOG_COMPILER_APPICON_NAME = AppIcon;
				ASSETCATALOG_COMPILER_LAUNCHIMAGE_NAME = LaunchImage;
				CODE_SIGN_IDENTITY = "iPhone Distribution";
				CODE_SIGN_STYLE = Manual;
				DEVELOPMENT_TEAM = UJ6RY8Y8CY;
				INFOPLIST_FILE = Hibernate/Info.plist;
				IPHONEOS_DEPLOYMENT_TARGET = 10.0;
				LD_RUNPATH_SEARCH_PATHS = (
					"$(inherited)",
					"@executable_path/Frameworks",
				);
				PRODUCT_BUNDLE_IDENTIFIER = com.eugenelu.hibernate.Hibernate;
				PRODUCT_NAME = "$(TARGET_NAME)";
				PROVISIONING_PROFILE = "cca2deff-8428-419d-9950-233a119fe5ba";
				PROVISIONING_PROFILE_SPECIFIER = "Hibernate Distribution";
				SWIFT_VERSION = 4.0;
				TARGETED_DEVICE_FAMILY = "1,2";
			};
			name = Release;
		};
/* End XCBuildConfiguration section */

/* Begin XCConfigurationList section */
		2632F3AE20967B8700721D74 /* Build configuration list for PBXProject "Hibernate" */ = {
			isa = XCConfigurationList;
			buildConfigurations = (
				2632F3C320967B8900721D74 /* Debug */,
				2632F3C420967B8900721D74 /* Release */,
			);
			defaultConfigurationIsVisible = 0;
			defaultConfigurationName = Release;
		};
		2632F3C520967B8900721D74 /* Build configuration list for PBXNativeTarget "Hibernate" */ = {
			isa = XCConfigurationList;
			buildConfigurations = (
				2632F3C620967B8900721D74 /* Debug */,
				2632F3C720967B8900721D74 /* Release */,
			);
			defaultConfigurationIsVisible = 0;
			defaultConfigurationName = Release;
		};
/* End XCConfigurationList section */
	};
	rootObject = 2632F3AB20967B8700721D74 /* Project object */;
}
